
Microsoft Visual Studio Solution File, Format Version 12.00
# Visual Studio Version 16
VisualStudioVersion = 16.0.29021.104
MinimumVisualStudioVersion = 10.0.40219.1
Project("{9A19103F-16F7-4668-BE54-9A1E7A4F7556}") = "Phonos.Core", "Phonos.Core\Phonos.Core.csproj", "{098D29E6-9EF1-42A4-BA25-63BF9491430E}"
EndProject
Project("{9A19103F-16F7-4668-BE54-9A1E7A4F7556}") = "Intervals", "Intervals\Intervals.csproj", "{2CDAA18C-2426-42BC-9884-AF856BFDABF3}"
EndProject
Project("{9A19103F-16F7-4668-BE54-9A1E7A4F7556}") = "Phonos.Core.Tests", "Phonos.Core.Tests\Phonos.Core.Tests.csproj", "{222C4B57-8D3F-4CD4-8F04-09C9F227098C}"
EndProject
Project("{9A19103F-16F7-4668-BE54-9A1E7A4F7556}") = "Intervals.Tests", "Intervals.Tests\Intervals.Tests.csproj", "{4332E83E-5AC8-4363-A2C1-F9DBC2CBE546}"
EndProject
Project("{9A19103F-16F7-4668-BE54-9A1E7A4F7556}") = "Phonos.French", "Phonos.French\Phonos.French.csproj", "{AEC8A7BE-AD83-43B0-9357-2E0718A81D6A}"
EndProject
Project("{9A19103F-16F7-4668-BE54-9A1E7A4F7556}") = "Phonos.French.Tests", "Phonos.French.Tests\Phonos.French.Tests.csproj", "{F8969BEF-AE92-4EC7-B93E-EEFBD3625082}"
EndProject
Project("{9A19103F-16F7-4668-BE54-9A1E7A4F7556}") = "Phonos.Latin", "Phonos.Latin\Phonos.Latin.csproj", "{348B3A68-8E94-44B7-B717-75340E81FE9F}"
EndProject
Project("{9A19103F-16F7-4668-BE54-9A1E7A4F7556}") = "Phonos.Latin.Tests", "Phonos.Latin.Tests\Phonos.Latin.Tests.csproj", "{E0245361-D604-4649-A2C2-72EB13B2FD29}"
EndProject
Project("{FAE04EC0-301F-11D3-BF4B-00C04F79EFBC}") = "Phonos.Cmd", "Phonos.Cmd\Phonos.Cmd.csproj", "{2F7E76D9-FCC5-49D4-A77F-0F5EE1E78316}"
EndProject
Global
	GlobalSection(SolutionConfigurationPlatforms) = preSolution
		Debug|Any CPU = Debug|Any CPU
		Release|Any CPU = Release|Any CPU
	EndGlobalSection
	GlobalSection(ProjectConfigurationPlatforms) = postSolution
		{098D29E6-9EF1-42A4-BA25-63BF9491430E}.Debug|Any CPU.ActiveCfg = Debug|Any CPU
		{098D29E6-9EF1-42A4-BA25-63BF9491430E}.Debug|Any CPU.Build.0 = Debug|Any CPU
		{098D29E6-9EF1-42A4-BA25-63BF9491430E}.Release|Any CPU.ActiveCfg = Release|Any CPU
		{098D29E6-9EF1-42A4-BA25-63BF9491430E}.Release|Any CPU.Build.0 = Release|Any CPU
		{2CDAA18C-2426-42BC-9884-AF856BFDABF3}.Debug|Any CPU.ActiveCfg = Debug|Any CPU
		{2CDAA18C-2426-42BC-9884-AF856BFDABF3}.Debug|Any CPU.Build.0 = Debug|Any CPU
		{2CDAA18C-2426-42BC-9884-AF856BFDABF3}.Release|Any CPU.ActiveCfg = Release|Any CPU
		{2CDAA18C-2426-42BC-9884-AF856BFDABF3}.Release|Any CPU.Build.0 = Release|Any CPU
		{222C4B57-8D3F-4CD4-8F04-09C9F227098C}.Debug|Any CPU.ActiveCfg = Debug|Any CPU
		{222C4B57-8D3F-4CD4-8F04-09C9F227098C}.Debug|Any CPU.Build.0 = Debug|Any CPU
		{222C4B57-8D3F-4CD4-8F04-09C9F227098C}.Release|Any CPU.ActiveCfg = Release|Any CPU
		{222C4B57-8D3F-4CD4-8F04-09C9F227098C}.Release|Any CPU.Build.0 = Release|Any CPU
		{4332E83E-5AC8-4363-A2C1-F9DBC2CBE546}.Debug|Any CPU.ActiveCfg = Debug|Any CPU
		{4332E83E-5AC8-4363-A2C1-F9DBC2CBE546}.Debug|Any CPU.Build.0 = Debug|Any CPU
		{4332E83E-5AC8-4363-A2C1-F9DBC2CBE546}.Release|Any CPU.ActiveCfg = Release|Any CPU
		{4332E83E-5AC8-4363-A2C1-F9DBC2CBE546}.Release|Any CPU.Build.0 = Release|Any CPU
		{AEC8A7BE-AD83-43B0-9357-2E0718A81D6A}.Debug|Any CPU.ActiveCfg = Debug|Any CPU
		{AEC8A7BE-AD83-43B0-9357-2E0718A81D6A}.Debug|Any CPU.Build.0 = Debug|Any CPU
		{AEC8A7BE-AD83-43B0-9357-2E0718A81D6A}.Release|Any CPU.ActiveCfg = Release|Any CPU
		{AEC8A7BE-AD83-43B0-9357-2E0718A81D6A}.Release|Any CPU.Build.0 = Release|Any CPU
		{F8969BEF-AE92-4EC7-B93E-EEFBD3625082}.Debug|Any CPU.ActiveCfg = Debug|Any CPU
		{F8969BEF-AE92-4EC7-B93E-EEFBD3625082}.Debug|Any CPU.Build.0 = Debug|Any CPU
		{F8969BEF-AE92-4EC7-B93E-EEFBD3625082}.Release|Any CPU.ActiveCfg = Release|Any CPU
		{F8969BEF-AE92-4EC7-B93E-EEFBD3625082}.Release|Any CPU.Build.0 = Release|Any CPU
		{348B3A68-8E94-44B7-B717-75340E81FE9F}.Debug|Any CPU.ActiveCfg = Debug|Any CPU
		{348B3A68-8E94-44B7-B717-75340E81FE9F}.Debug|Any CPU.Build.0 = Debug|Any CPU
		{348B3A68-8E94-44B7-B717-75340E81FE9F}.Release|Any CPU.ActiveCfg = Release|Any CPU
		{348B3A68-8E94-44B7-B717-75340E81FE9F}.Release|Any CPU.Build.0 = Release|Any CPU
		{E0245361-D604-4649-A2C2-72EB13B2FD29}.Debug|Any CPU.ActiveCfg = Debug|Any CPU
		{E0245361-D604-4649-A2C2-72EB13B2FD29}.Debug|Any CPU.Build.0 = Debug|Any CPU
		{E0245361-D604-4649-A2C2-72EB13B2FD29}.Release|Any CPU.ActiveCfg = Release|Any CPU
		{E0245361-D604-4649-A2C2-72EB13B2FD29}.Release|Any CPU.Build.0 = Release|Any CPU
		{2F7E76D9-FCC5-49D4-A77F-0F5EE1E78316}.Debug|Any CPU.ActiveCfg = Debug|Any CPU
		{2F7E76D9-FCC5-49D4-A77F-0F5EE1E78316}.Debug|Any CPU.Build.0 = Debug|Any CPU
		{2F7E76D9-FCC5-49D4-A77F-0F5EE1E78316}.Release|Any CPU.ActiveCfg = Release|Any CPU
		{2F7E76D9-FCC5-49D4-A77F-0F5EE1E78316}.Release|Any CPU.Build.0 = Release|Any CPU
	EndGlobalSection
	GlobalSection(SolutionProperties) = preSolution
		HideSolutionNode = FALSE
	EndGlobalSection
	GlobalSection(ExtensibilityGlobals) = postSolution
		SolutionGuid = {8CF48258-DC54-4984-8FBA-89ECC547BA42}
	EndGlobalSection
EndGlobal
